
Microsoft Visual Studio Solution File, Format Version 12.00
# Visual Studio Version 17
VisualStudioVersion = 17.7.34024.191
MinimumVisualStudioVersion = 10.0.40219.1
Project("{2150E333-8FDC-42A3-9474-1A3956D46DE8}") = "Cores", "Cores", "{38A33706-B8C3-4C96-8911-003B20FD6BFC}"
EndProject
Project("{2150E333-8FDC-42A3-9474-1A3956D46DE8}") = "Services", "Services", "{79E9704B-B40B-4588-B14D-EE1642D0DA79}"
EndProject
Project("{9A19103F-16F7-4668-BE54-9A1E7A4F7556}") = "Commons", "Commons\Commons.csproj", "{10534FC5-510F-4167-8A46-6BF67B250467}"
EndProject
Project("{9A19103F-16F7-4668-BE54-9A1E7A4F7556}") = "BusinessObjects", "BusinessObjects\BusinessObjects.csproj", "{83D6A7AD-45EF-4F77-8F60-6F4B5D3F7098}"
EndProject
Project("{9A19103F-16F7-4668-BE54-9A1E7A4F7556}") = "User", "User\User.csproj", "{5B92F8C5-882B-45FF-A4E2-7CB733ADCA53}"
EndProject
Project("{9A19103F-16F7-4668-BE54-9A1E7A4F7556}") = "Credential", "Credential\Credential.csproj", "{4C8062EC-D287-46CC-AFCE-33CA194821C9}"
EndProject
Project("{9A19103F-16F7-4668-BE54-9A1E7A4F7556}") = "Interaction", "Interaction\Interaction.csproj", "{1D70B25A-00D4-47FB-8CF2-21FB92A1664C}"
EndProject
Project("{9A19103F-16F7-4668-BE54-9A1E7A4F7556}") = "Communication", "Communication\Communication.csproj", "{47F2AB64-D548-4C75-B562-F4751D90FED2}"
EndProject
Project("{9A19103F-16F7-4668-BE54-9A1E7A4F7556}") = "Follow", "Follow\Follow.csproj", "{B66358DE-6818-4D9F-8929-5A327701C7A7}"
EndProject
Project("{9A19103F-16F7-4668-BE54-9A1E7A4F7556}") = "Statics", "Statics\Statics.csproj", "{5DDC9670-BEBE-4C9C-A4EF-9DE94360848A}"
EndProject
Project("{9A19103F-16F7-4668-BE54-9A1E7A4F7556}") = "BlogService", "BlogService\BlogService.csproj", "{1D86F029-48B3-4192-8AE8-3CD0975DDD4F}"
EndProject
Project("{9A19103F-16F7-4668-BE54-9A1E7A4F7556}") = "PostService", "PostService\PostService.csproj", "{D7F54404-25ED-4167-8D00-811956E563D9}"
EndProject
Project("{9A19103F-16F7-4668-BE54-9A1E7A4F7556}") = "NotificationService", "NotificationService\NotificationService.csproj", "{DF6404E3-57D6-40B7-A8BD-4C01F7421B6B}"
EndProject
Project("{9A19103F-16F7-4668-BE54-9A1E7A4F7556}") = "ProjectService", "ProjectService\ProjectService.csproj", "{8D0FFBE9-4881-44F2-9B8D-C97CD5105F55}"
EndProject
Global
	GlobalSection(SolutionConfigurationPlatforms) = preSolution
		Debug|Any CPU = Debug|Any CPU
		Release|Any CPU = Release|Any CPU
	EndGlobalSection
	GlobalSection(ProjectConfigurationPlatforms) = postSolution
		{10534FC5-510F-4167-8A46-6BF67B250467}.Debug|Any CPU.ActiveCfg = Debug|Any CPU
		{10534FC5-510F-4167-8A46-6BF67B250467}.Debug|Any CPU.Build.0 = Debug|Any CPU
		{10534FC5-510F-4167-8A46-6BF67B250467}.Release|Any CPU.ActiveCfg = Release|Any CPU
		{10534FC5-510F-4167-8A46-6BF67B250467}.Release|Any CPU.Build.0 = Release|Any CPU
		{83D6A7AD-45EF-4F77-8F60-6F4B5D3F7098}.Debug|Any CPU.ActiveCfg = Debug|Any CPU
		{83D6A7AD-45EF-4F77-8F60-6F4B5D3F7098}.Debug|Any CPU.Build.0 = Debug|Any CPU
		{83D6A7AD-45EF-4F77-8F60-6F4B5D3F7098}.Release|Any CPU.ActiveCfg = Release|Any CPU
		{83D6A7AD-45EF-4F77-8F60-6F4B5D3F7098}.Release|Any CPU.Build.0 = Release|Any CPU
		{5B92F8C5-882B-45FF-A4E2-7CB733ADCA53}.Debug|Any CPU.ActiveCfg = Debug|Any CPU
		{5B92F8C5-882B-45FF-A4E2-7CB733ADCA53}.Debug|Any CPU.Build.0 = Debug|Any CPU
		{5B92F8C5-882B-45FF-A4E2-7CB733ADCA53}.Release|Any CPU.ActiveCfg = Release|Any CPU
		{5B92F8C5-882B-45FF-A4E2-7CB733ADCA53}.Release|Any CPU.Build.0 = Release|Any CPU
		{4C8062EC-D287-46CC-AFCE-33CA194821C9}.Debug|Any CPU.ActiveCfg = Debug|Any CPU
		{4C8062EC-D287-46CC-AFCE-33CA194821C9}.Debug|Any CPU.Build.0 = Debug|Any CPU
		{4C8062EC-D287-46CC-AFCE-33CA194821C9}.Release|Any CPU.ActiveCfg = Release|Any CPU
		{4C8062EC-D287-46CC-AFCE-33CA194821C9}.Release|Any CPU.Build.0 = Release|Any CPU
		{1D70B25A-00D4-47FB-8CF2-21FB92A1664C}.Debug|Any CPU.ActiveCfg = Debug|Any CPU
		{1D70B25A-00D4-47FB-8CF2-21FB92A1664C}.Debug|Any CPU.Build.0 = Debug|Any CPU
		{1D70B25A-00D4-47FB-8CF2-21FB92A1664C}.Release|Any CPU.ActiveCfg = Release|Any CPU
		{1D70B25A-00D4-47FB-8CF2-21FB92A1664C}.Release|Any CPU.Build.0 = Release|Any CPU
		{47F2AB64-D548-4C75-B562-F4751D90FED2}.Debug|Any CPU.ActiveCfg = Debug|Any CPU
		{47F2AB64-D548-4C75-B562-F4751D90FED2}.Debug|Any CPU.Build.0 = Debug|Any CPU
		{47F2AB64-D548-4C75-B562-F4751D90FED2}.Release|Any CPU.ActiveCfg = Release|Any CPU
		{47F2AB64-D548-4C75-B562-F4751D90FED2}.Release|Any CPU.Build.0 = Release|Any CPU
		{B66358DE-6818-4D9F-8929-5A327701C7A7}.Debug|Any CPU.ActiveCfg = Debug|Any CPU
		{B66358DE-6818-4D9F-8929-5A327701C7A7}.Debug|Any CPU.Build.0 = Debug|Any CPU
		{B66358DE-6818-4D9F-8929-5A327701C7A7}.Release|Any CPU.ActiveCfg = Release|Any CPU
		{B66358DE-6818-4D9F-8929-5A327701C7A7}.Release|Any CPU.Build.0 = Release|Any CPU
		{5DDC9670-BEBE-4C9C-A4EF-9DE94360848A}.Debug|Any CPU.ActiveCfg = Debug|Any CPU
		{5DDC9670-BEBE-4C9C-A4EF-9DE94360848A}.Debug|Any CPU.Build.0 = Debug|Any CPU
		{5DDC9670-BEBE-4C9C-A4EF-9DE94360848A}.Release|Any CPU.ActiveCfg = Release|Any CPU
		{5DDC9670-BEBE-4C9C-A4EF-9DE94360848A}.Release|Any CPU.Build.0 = Release|Any CPU
		{1D86F029-48B3-4192-8AE8-3CD0975DDD4F}.Debug|Any CPU.ActiveCfg = Debug|Any CPU
		{1D86F029-48B3-4192-8AE8-3CD0975DDD4F}.Debug|Any CPU.Build.0 = Debug|Any CPU
		{1D86F029-48B3-4192-8AE8-3CD0975DDD4F}.Release|Any CPU.ActiveCfg = Release|Any CPU
		{1D86F029-48B3-4192-8AE8-3CD0975DDD4F}.Release|Any CPU.Build.0 = Release|Any CPU
		{D7F54404-25ED-4167-8D00-811956E563D9}.Debug|Any CPU.ActiveCfg = Debug|Any CPU
		{D7F54404-25ED-4167-8D00-811956E563D9}.Debug|Any CPU.Build.0 = Debug|Any CPU
		{D7F54404-25ED-4167-8D00-811956E563D9}.Release|Any CPU.ActiveCfg = Release|Any CPU
		{D7F54404-25ED-4167-8D00-811956E563D9}.Release|Any CPU.Build.0 = Release|Any CPU
		{DF6404E3-57D6-40B7-A8BD-4C01F7421B6B}.Debug|Any CPU.ActiveCfg = Debug|Any CPU
		{DF6404E3-57D6-40B7-A8BD-4C01F7421B6B}.Debug|Any CPU.Build.0 = Debug|Any CPU
		{DF6404E3-57D6-40B7-A8BD-4C01F7421B6B}.Release|Any CPU.ActiveCfg = Release|Any CPU
		{DF6404E3-57D6-40B7-A8BD-4C01F7421B6B}.Release|Any CPU.Build.0 = Release|Any CPU
		{8D0FFBE9-4881-44F2-9B8D-C97CD5105F55}.Debug|Any CPU.ActiveCfg = Debug|Any CPU
		{8D0FFBE9-4881-44F2-9B8D-C97CD5105F55}.Debug|Any CPU.Build.0 = Debug|Any CPU
		{8D0FFBE9-4881-44F2-9B8D-C97CD5105F55}.Release|Any CPU.ActiveCfg = Release|Any CPU
		{8D0FFBE9-4881-44F2-9B8D-C97CD5105F55}.Release|Any CPU.Build.0 = Release|Any CPU
	EndGlobalSection
	GlobalSection(SolutionProperties) = preSolution
		HideSolutionNode = FALSE
	EndGlobalSection
	GlobalSection(NestedProjects) = preSolution
		{10534FC5-510F-4167-8A46-6BF67B250467} = {38A33706-B8C3-4C96-8911-003B20FD6BFC}
		{83D6A7AD-45EF-4F77-8F60-6F4B5D3F7098} = {38A33706-B8C3-4C96-8911-003B20FD6BFC}
		{5B92F8C5-882B-45FF-A4E2-7CB733ADCA53} = {79E9704B-B40B-4588-B14D-EE1642D0DA79}
		{4C8062EC-D287-46CC-AFCE-33CA194821C9} = {79E9704B-B40B-4588-B14D-EE1642D0DA79}
		{1D70B25A-00D4-47FB-8CF2-21FB92A1664C} = {79E9704B-B40B-4588-B14D-EE1642D0DA79}
		{47F2AB64-D548-4C75-B562-F4751D90FED2} = {79E9704B-B40B-4588-B14D-EE1642D0DA79}
		{B66358DE-6818-4D9F-8929-5A327701C7A7} = {79E9704B-B40B-4588-B14D-EE1642D0DA79}
		{5DDC9670-BEBE-4C9C-A4EF-9DE94360848A} = {79E9704B-B40B-4588-B14D-EE1642D0DA79}
		{1D86F029-48B3-4192-8AE8-3CD0975DDD4F} = {79E9704B-B40B-4588-B14D-EE1642D0DA79}
		{D7F54404-25ED-4167-8D00-811956E563D9} = {79E9704B-B40B-4588-B14D-EE1642D0DA79}
		{DF6404E3-57D6-40B7-A8BD-4C01F7421B6B} = {79E9704B-B40B-4588-B14D-EE1642D0DA79}
		{8D0FFBE9-4881-44F2-9B8D-C97CD5105F55} = {79E9704B-B40B-4588-B14D-EE1642D0DA79}
	EndGlobalSection
	GlobalSection(ExtensibilityGlobals) = postSolution
		SolutionGuid = {6236E629-4F23-4F2C-A3B0-24DF695A3890}
	EndGlobalSection
EndGlobal
