
Microsoft Visual Studio Solution File, Format Version 12.00
# Visual Studio Version 17
VisualStudioVersion = 17.7.34024.191
MinimumVisualStudioVersion = 10.0.40219.1
Project("{2150E333-8FDC-42A3-9474-1A3956D46DE8}") = "Cores", "Cores", "{E206E0DB-E88D-4734-91C2-86F676DFE53C}"
EndProject
Project("{2150E333-8FDC-42A3-9474-1A3956D46DE8}") = "Services", "Services", "{627F8681-14DB-4608-BD43-ED0217F8EACE}"
EndProject
Project("{9A19103F-16F7-4668-BE54-9A1E7A4F7556}") = "BusinessObject", "BusinessObject\BusinessObject.csproj", "{1C3B5525-C60B-4D50-9835-7457BFD1ECCF}"
EndProject
Project("{FAE04EC0-301F-11D3-BF4B-00C04F79EFBC}") = "Authentication", "Authentication\Authentication.csproj", "{FDEAB648-3ADD-4E4C-8500-551124D69FFD}"
EndProject
Global
	GlobalSection(SolutionConfigurationPlatforms) = preSolution
		Debug|Any CPU = Debug|Any CPU
		Release|Any CPU = Release|Any CPU
	EndGlobalSection
	GlobalSection(ProjectConfigurationPlatforms) = postSolution
		{1C3B5525-C60B-4D50-9835-7457BFD1ECCF}.Debug|Any CPU.ActiveCfg = Debug|Any CPU
		{1C3B5525-C60B-4D50-9835-7457BFD1ECCF}.Debug|Any CPU.Build.0 = Debug|Any CPU
		{1C3B5525-C60B-4D50-9835-7457BFD1ECCF}.Release|Any CPU.ActiveCfg = Release|Any CPU
		{1C3B5525-C60B-4D50-9835-7457BFD1ECCF}.Release|Any CPU.Build.0 = Release|Any CPU
		{FDEAB648-3ADD-4E4C-8500-551124D69FFD}.Debug|Any CPU.ActiveCfg = Debug|Any CPU
		{FDEAB648-3ADD-4E4C-8500-551124D69FFD}.Debug|Any CPU.Build.0 = Debug|Any CPU
		{FDEAB648-3ADD-4E4C-8500-551124D69FFD}.Release|Any CPU.ActiveCfg = Release|Any CPU
		{FDEAB648-3ADD-4E4C-8500-551124D69FFD}.Release|Any CPU.Build.0 = Release|Any CPU
	EndGlobalSection
	GlobalSection(SolutionProperties) = preSolution
		HideSolutionNode = FALSE
	EndGlobalSection
	GlobalSection(NestedProjects) = preSolution
		{1C3B5525-C60B-4D50-9835-7457BFD1ECCF} = {E206E0DB-E88D-4734-91C2-86F676DFE53C}
		{FDEAB648-3ADD-4E4C-8500-551124D69FFD} = {627F8681-14DB-4608-BD43-ED0217F8EACE}
	EndGlobalSection
	GlobalSection(ExtensibilityGlobals) = postSolution
		SolutionGuid = {6C417FC3-510F-4A49-B0B6-15169567A2DD}
	EndGlobalSection
EndGlobal
